
Microsoft Visual Studio Solution File, Format Version 12.00
# Visual Studio Express 15 for Windows Desktop
VisualStudioVersion = 15.0.28010.2016
MinimumVisualStudioVersion = 10.0.40219.1
Project("{FAE04EC0-301F-11D3-BF4B-00C04F79EFBC}") = "Clases", "Clases\Clases.csproj", "{CA769766-B37C-4861-96A7-BA1371FE91BF}"
EndProject
Project("{FAE04EC0-301F-11D3-BF4B-00C04F79EFBC}") = "VistaForm", "VistaForm\VistaForm.csproj", "{C045CCB5-C00A-4F68-A334-B2C1B97B4168}"
EndProject
Global
	GlobalSection(SolutionConfigurationPlatforms) = preSolution
		Debug|Any CPU = Debug|Any CPU
		Release|Any CPU = Release|Any CPU
	EndGlobalSection
	GlobalSection(ProjectConfigurationPlatforms) = postSolution
		{CA769766-B37C-4861-96A7-BA1371FE91BF}.Debug|Any CPU.ActiveCfg = Debug|Any CPU
		{CA769766-B37C-4861-96A7-BA1371FE91BF}.Debug|Any CPU.Build.0 = Debug|Any CPU
		{CA769766-B37C-4861-96A7-BA1371FE91BF}.Release|Any CPU.ActiveCfg = Release|Any CPU
		{CA769766-B37C-4861-96A7-BA1371FE91BF}.Release|Any CPU.Build.0 = Release|Any CPU
		{C045CCB5-C00A-4F68-A334-B2C1B97B4168}.Debug|Any CPU.ActiveCfg = Debug|Any CPU
		{C045CCB5-C00A-4F68-A334-B2C1B97B4168}.Debug|Any CPU.Build.0 = Debug|Any CPU
		{C045CCB5-C00A-4F68-A334-B2C1B97B4168}.Release|Any CPU.ActiveCfg = Release|Any CPU
		{C045CCB5-C00A-4F68-A334-B2C1B97B4168}.Release|Any CPU.Build.0 = Release|Any CPU
	EndGlobalSection
	GlobalSection(SolutionProperties) = preSolution
		HideSolutionNode = FALSE
	EndGlobalSection
	GlobalSection(ExtensibilityGlobals) = postSolution
		SolutionGuid = {CE2664B9-5D2F-4725-9BDA-4C5989EFA743}
	EndGlobalSection
EndGlobal
